
Microsoft Visual Studio Solution File, Format Version 12.00
# Visual Studio Version 17
VisualStudioVersion = 17.13.35931.197
MinimumVisualStudioVersion = 10.0.40219.1
Project("{FAE04EC0-301F-11D3-BF4B-00C04F79EFBC}") = "Customer_Client", "Customer_Client\Customer_Client.csproj", "{453CA466-2607-460B-B43B-02240CFADBF7}"
EndProject
Project("{FAE04EC0-301F-11D3-BF4B-00C04F79EFBC}") = "Admin_Client", "Admin_Client\Admin_Client.csproj", "{62E76A3D-BCFE-4C30-AE36-2180E8C06904}"
EndProject
Project("{FAE04EC0-301F-11D3-BF4B-00C04F79EFBC}") = "Provider_Client", "Provider_Client\Provider_Client.csproj", "{C5F0F344-030A-4270-A372-6097A8486B9D}"
EndProject
Global
	GlobalSection(SolutionConfigurationPlatforms) = preSolution
		Debug|Any CPU = Debug|Any CPU
		Release|Any CPU = Release|Any CPU
	EndGlobalSection
	GlobalSection(ProjectConfigurationPlatforms) = postSolution
		{453CA466-2607-460B-B43B-02240CFADBF7}.Debug|Any CPU.ActiveCfg = Debug|Any CPU
		{453CA466-2607-460B-B43B-02240CFADBF7}.Debug|Any CPU.Build.0 = Debug|Any CPU
		{453CA466-2607-460B-B43B-02240CFADBF7}.Release|Any CPU.ActiveCfg = Release|Any CPU
		{453CA466-2607-460B-B43B-02240CFADBF7}.Release|Any CPU.Build.0 = Release|Any CPU
		{62E76A3D-BCFE-4C30-AE36-2180E8C06904}.Debug|Any CPU.ActiveCfg = Debug|Any CPU
		{62E76A3D-BCFE-4C30-AE36-2180E8C06904}.Debug|Any CPU.Build.0 = Debug|Any CPU
		{62E76A3D-BCFE-4C30-AE36-2180E8C06904}.Release|Any CPU.ActiveCfg = Release|Any CPU
		{62E76A3D-BCFE-4C30-AE36-2180E8C06904}.Release|Any CPU.Build.0 = Release|Any CPU
		{C5F0F344-030A-4270-A372-6097A8486B9D}.Debug|Any CPU.ActiveCfg = Debug|Any CPU
		{C5F0F344-030A-4270-A372-6097A8486B9D}.Debug|Any CPU.Build.0 = Debug|Any CPU
		{C5F0F344-030A-4270-A372-6097A8486B9D}.Release|Any CPU.ActiveCfg = Release|Any CPU
		{C5F0F344-030A-4270-A372-6097A8486B9D}.Release|Any CPU.Build.0 = Release|Any CPU
	EndGlobalSection
	GlobalSection(SolutionProperties) = preSolution
		HideSolutionNode = FALSE
	EndGlobalSection
	GlobalSection(ExtensibilityGlobals) = postSolution
		SolutionGuid = {33C10748-0AF9-4D0D-B58D-6C2455E93444}
	EndGlobalSection
EndGlobal
