
Microsoft Visual Studio Solution File, Format Version 12.00
# Visual Studio Version 17
VisualStudioVersion = 17.13.35931.197
MinimumVisualStudioVersion = 10.0.40219.1
Project("{FAE04EC0-301F-11D3-BF4B-00C04F79EFBC}") = "VHS_frontend", "VHS_frontend.csproj", "{08E4A716-9776-AE1B-998D-D283352EF4C1}"
EndProject
Project("{FAE04EC0-301F-11D3-BF4B-00C04F79EFBC}") = "API_Backend", "..\..\VHS_backend\API\API_Backend\API_Backend.csproj", "{70BCBC0F-812C-CE1A-E43F-EE2A19F631FE}"
EndProject
Global
	GlobalSection(SolutionConfigurationPlatforms) = preSolution
		Debug|Any CPU = Debug|Any CPU
		Release|Any CPU = Release|Any CPU
	EndGlobalSection
	GlobalSection(ProjectConfigurationPlatforms) = postSolution
		{08E4A716-9776-AE1B-998D-D283352EF4C1}.Debug|Any CPU.ActiveCfg = Debug|Any CPU
		{08E4A716-9776-AE1B-998D-D283352EF4C1}.Debug|Any CPU.Build.0 = Debug|Any CPU
		{08E4A716-9776-AE1B-998D-D283352EF4C1}.Release|Any CPU.ActiveCfg = Release|Any CPU
		{08E4A716-9776-AE1B-998D-D283352EF4C1}.Release|Any CPU.Build.0 = Release|Any CPU
		{70BCBC0F-812C-CE1A-E43F-EE2A19F631FE}.Debug|Any CPU.ActiveCfg = Debug|Any CPU
		{70BCBC0F-812C-CE1A-E43F-EE2A19F631FE}.Debug|Any CPU.Build.0 = Debug|Any CPU
		{70BCBC0F-812C-CE1A-E43F-EE2A19F631FE}.Release|Any CPU.ActiveCfg = Release|Any CPU
		{70BCBC0F-812C-CE1A-E43F-EE2A19F631FE}.Release|Any CPU.Build.0 = Release|Any CPU
	EndGlobalSection
	GlobalSection(SolutionProperties) = preSolution
		HideSolutionNode = FALSE
	EndGlobalSection
	GlobalSection(ExtensibilityGlobals) = postSolution
		SolutionGuid = {20D4F164-BA96-4DA9-8ECD-A11D08D81BEB}
	EndGlobalSection
EndGlobal
