
Microsoft Visual Studio Solution File, Format Version 12.00
# Visual Studio Version 17
VisualStudioVersion = 17.13.35931.197
MinimumVisualStudioVersion = 10.0.40219.1
Project("{FAE04EC0-301F-11D3-BF4B-00C04F79EFBC}") = "VHS_frontend", "VHS_frontend.csproj", "{92C25D87-0B9F-4BB8-AE1E-1C25838D1A53}"
EndProject
Global
	GlobalSection(SolutionConfigurationPlatforms) = preSolution
		Debug|Any CPU = Debug|Any CPU
		Release|Any CPU = Release|Any CPU
	EndGlobalSection
	GlobalSection(ProjectConfigurationPlatforms) = postSolution
		{92C25D87-0B9F-4BB8-AE1E-1C25838D1A53}.Debug|Any CPU.ActiveCfg = Debug|Any CPU
		{92C25D87-0B9F-4BB8-AE1E-1C25838D1A53}.Debug|Any CPU.Build.0 = Debug|Any CPU
		{92C25D87-0B9F-4BB8-AE1E-1C25838D1A53}.Release|Any CPU.ActiveCfg = Release|Any CPU
		{92C25D87-0B9F-4BB8-AE1E-1C25838D1A53}.Release|Any CPU.Build.0 = Release|Any CPU
	EndGlobalSection
	GlobalSection(SolutionProperties) = preSolution
		HideSolutionNode = FALSE
	EndGlobalSection
	GlobalSection(ExtensibilityGlobals) = postSolution
		SolutionGuid = {20D4F164-BA96-4DA9-8ECD-A11D08D81BEB}
	EndGlobalSection
EndGlobal
